
Microsoft Visual Studio Solution File, Format Version 12.00
# Visual Studio Version 16
VisualStudioVersion = 16.0.30711.63
MinimumVisualStudioVersion = 10.0.40219.1
Project("{FAE04EC0-301F-11D3-BF4B-00C04F79EFBC}") = "PP-AtividadeRecuperacao", "PP-AtividadeRecuperacao\PP-AtividadeRecuperacao.csproj", "{2DDCE2AA-6FD7-4630-9CBB-CA50FD50CE3B}"
EndProject
Global
	GlobalSection(SolutionConfigurationPlatforms) = preSolution
		Debug|Any CPU = Debug|Any CPU
		Release|Any CPU = Release|Any CPU
	EndGlobalSection
	GlobalSection(ProjectConfigurationPlatforms) = postSolution
		{2DDCE2AA-6FD7-4630-9CBB-CA50FD50CE3B}.Debug|Any CPU.ActiveCfg = Debug|Any CPU
		{2DDCE2AA-6FD7-4630-9CBB-CA50FD50CE3B}.Debug|Any CPU.Build.0 = Debug|Any CPU
		{2DDCE2AA-6FD7-4630-9CBB-CA50FD50CE3B}.Release|Any CPU.ActiveCfg = Release|Any CPU
		{2DDCE2AA-6FD7-4630-9CBB-CA50FD50CE3B}.Release|Any CPU.Build.0 = Release|Any CPU
	EndGlobalSection
	GlobalSection(SolutionProperties) = preSolution
		HideSolutionNode = FALSE
	EndGlobalSection
	GlobalSection(ExtensibilityGlobals) = postSolution
		SolutionGuid = {8E93EC2C-3757-4151-A0E7-64BEA50B64BE}
	EndGlobalSection
EndGlobal
